# THIS IS AN AUTOGENERATED FILE. DO NOT EDIT THIS FILE DIRECTLY.
# yarn lockfile v1


app-root-path@^2.2.1:
  version "2.2.1"
  resolved "https://registry.yarnpkg.com/app-root-path/-/app-root-path-2.2.1.tgz#d0df4a682ee408273583d43f6f79e9892624bc9a"
  integrity sha512-91IFKeKk7FjfmezPKkwtaRvSpnUc4gDwPAjA1YZ9Gn0q0PPeW+vbeUsZuyDwjI7+QTHhcLen2v25fi/AmhvbJA==

aria-query@^3.0.0:
  version "3.0.0"
  resolved "https://registry.yarnpkg.com/aria-query/-/aria-query-3.0.0.tgz#65b3fcc1ca1155a8c9ae64d6eee297f15d5133cc"
  integrity sha1-ZbP8wcoRVajJrmTW7uKX8V1RM8w=
  dependencies:
    ast-types-flow "0.0.7"
    commander "^2.11.0"

ast-types-flow@0.0.7:
  version "0.0.7"
  resolved "https://registry.yarnpkg.com/ast-types-flow/-/ast-types-flow-0.0.7.tgz#f70b735c6bca1a5c9c22d982c3e39e7feba3bdad"
  integrity sha1-9wtzXGvKGlycItmCw+Oef+ujva0=

axobject-query@^2.0.2:
  version "2.0.2"
  resolved "https://registry.yarnpkg.com/axobject-query/-/axobject-query-2.0.2.tgz#ea187abe5b9002b377f925d8bf7d1c561adf38f9"
  integrity sha512-MCeek8ZH7hKyO1rWUbKNQBbl4l2eY0ntk7OGi+q0RlafrCnfPxC06WZA+uebCfmYp4mNU9jRBP1AhGyf8+W3ww==
  dependencies:
    ast-types-flow "0.0.7"

codelyzer@^5.1.0:
  version "5.1.0"
  resolved "https://registry.yarnpkg.com/codelyzer/-/codelyzer-5.1.0.tgz#a0eb89497622679ea4c53b6974aa45598f06a4b5"
  integrity sha512-QiyY2/oDQnYx4mAVEDqr+z9MwrOto18tQFjExiuRChXCy0yvngS5fQpWIxvAGpbOmZFiR1PRTRLbEI71u10maA==
  dependencies:
    app-root-path "^2.2.1"
    aria-query "^3.0.0"
    axobject-query "^2.0.2"
    css-selector-tokenizer "^0.7.1"
    cssauron "^1.4.0"
    damerau-levenshtein "^1.0.4"
    semver-dsl "^1.0.1"
    source-map "^0.5.7"
    sprintf-js "^1.1.2"

commander@^2.11.0:
  version "2.20.0"
  resolved "https://registry.yarnpkg.com/commander/-/commander-2.20.0.tgz#d58bb2b5c1ee8f87b0d340027e9e94e222c5a422"
  integrity sha512-7j2y+40w61zy6YC2iRNpUe/NwhNyoXrYpHMrSunaMG64nRnaf96zO/KMQR4OyN/UnE5KLyEBnKHd4aG3rskjpQ==

css-selector-tokenizer@^0.7.1:
  version "0.7.1"
  resolved "https://registry.yarnpkg.com/css-selector-tokenizer/-/css-selector-tokenizer-0.7.1.tgz#a177271a8bca5019172f4f891fc6eed9cbf68d5d"
  integrity sha512-xYL0AMZJ4gFzJQsHUKa5jiWWi2vH77WVNg7JYRyewwj6oPh4yb/y6Y9ZCw9dsj/9UauMhtuxR+ogQd//EdEVNA==
  dependencies:
    cssesc "^0.1.0"
    fastparse "^1.1.1"
    regexpu-core "^1.0.0"

cssauron@^1.4.0:
  version "1.4.0"
  resolved "https://registry.yarnpkg.com/cssauron/-/cssauron-1.4.0.tgz#a6602dff7e04a8306dc0db9a551e92e8b5662ad8"
  integrity sha1-pmAt/34EqDBtwNuaVR6S6LVmKtg=
  dependencies:
    through X.X.X

cssesc@^0.1.0:
  version "0.1.0"
  resolved "https://registry.yarnpkg.com/cssesc/-/cssesc-0.1.0.tgz#c814903e45623371a0477b40109aaafbeeaddbb4"
  integrity sha1-yBSQPkViM3GgR3tAEJqq++6t27Q=

damerau-levenshtein@^1.0.4:
  version "1.0.5"
  resolved "https://registry.yarnpkg.com/damerau-levenshtein/-/damerau-levenshtein-1.0.5.tgz#780cf7144eb2e8dbd1c3bb83ae31100ccc31a414"
  integrity sha512-CBCRqFnpu715iPmw1KrdOrzRqbdFwQTwAWyyyYS42+iAgHCuXZ+/TdMgQkUENPomxEz9z1BEzuQU2Xw0kUuAgA==

fastparse@^1.1.1:
  version "1.1.1"
  resolved "https://registry.yarnpkg.com/fastparse/-/fastparse-1.1.1.tgz#d1e2643b38a94d7583b479060e6c4affc94071f8"
  integrity sha1-0eJkOzipTXWDtHkGDmxK/8lAcfg=

jsesc@~0.5.0:
  version "0.5.0"
  resolved "https://registry.yarnpkg.com/jsesc/-/jsesc-0.5.0.tgz#e7dee66e35d6fc16f710fe91d5cf69f70f08911d"
  integrity sha1-597mbjXW/Bb3EP6R1c9p9w8IkR0=

regenerate@^1.2.1:
  version "1.4.0"
  resolved "https://registry.yarnpkg.com/regenerate/-/regenerate-1.4.0.tgz#4a856ec4b56e4077c557589cae85e7a4c8869a11"
  integrity sha512-1G6jJVDWrt0rK99kBjvEtziZNCICAuvIPkSiUFIQxVP06RCVpq3dmDo2oi6ABpYaDYaTRr67BEhL8r1wgEZZKg==

regexpu-core@^1.0.0:
  version "1.0.0"
  resolved "https://registry.yarnpkg.com/regexpu-core/-/regexpu-core-1.0.0.tgz#86a763f58ee4d7c2f6b102e4764050de7ed90c6b"
  integrity sha1-hqdj9Y7k18L2sQLkdkBQ3n7ZDGs=
  dependencies:
    regenerate "^1.2.1"
    regjsgen "^0.2.0"
    regjsparser "^0.1.4"

regjsgen@^0.2.0:
  version "0.2.0"
  resolved "https://registry.yarnpkg.com/regjsgen/-/regjsgen-0.2.0.tgz#6c016adeac554f75823fe37ac05b92d5a4edb1f7"
  integrity sha1-bAFq3qxVT3WCP+N6wFuS1aTtsfc=

regjsparser@^0.1.4:
  version "0.1.5"
  resolved "https://registry.yarnpkg.com/regjsparser/-/regjsparser-0.1.5.tgz#7ee8f84dc6fa792d3fd0ae228d24bd949ead205c"
  integrity sha1-fuj4Tcb6eS0/0K4ijSS9lJ6tIFw=
  dependencies:
    jsesc "~0.5.0"

semver-dsl@^1.0.1:
  version "1.0.1"
  resolved "https://registry.yarnpkg.com/semver-dsl/-/semver-dsl-1.0.1.tgz#d3678de5555e8a61f629eed025366ae5f27340a0"
  integrity sha1-02eN5VVeimH2Ke7QJTZq5fJzQKA=
  dependencies:
    semver "^5.3.0"

semver@^5.3.0:
  version "5.6.0"
  resolved "https://registry.yarnpkg.com/semver/-/semver-5.6.0.tgz#7e74256fbaa49c75aa7c7a205cc22799cac80004"
  integrity sha512-RS9R6R35NYgQn++fkDWaOmqGoj4Ek9gGs+DPxNUZKuwE183xjJroKvyo1IzVFeXvUrvmALy6FWD5xrdJT25gMg==

source-map@^0.5.7:
  version "0.5.7"
  resolved "https://registry.yarnpkg.com/source-map/-/source-map-0.5.7.tgz#8a039d2d1021d22d1ea14c80d8ea468ba2ef3fcc"
  integrity sha1-igOdLRAh0i0eoUyA2OpGi6LvP8w=

sprintf-js@^1.1.2:
  version "1.1.2"
  resolved "https://registry.yarnpkg.com/sprintf-js/-/sprintf-js-1.1.2.tgz#da1765262bf8c0f571749f2ad6c26300207ae673"
  integrity sha512-VE0SOVEHCk7Qc8ulkWw3ntAzXuqf7S2lvwQaDLRnUeIEaKNQJzV6BwmLKhOqT61aGhfUMrXeaBk+oDGCzvhcug==

through@X.X.X:
  version "2.3.8"
  resolved "https://registry.yarnpkg.com/through/-/through-2.3.8.tgz#0dd4c9ffaabc357960b1b724115d7e0e86a2e1f5"
  integrity sha1-DdTJ/6q8NXlgsbckEV1+Doai4fU=
